
Microsoft Visual Studio Solution File, Format Version 12.00
# Visual Studio Version 16
VisualStudioVersion = 16.0.31129.286
MinimumVisualStudioVersion = 10.0.40219.1
Project("{FAE04EC0-301F-11D3-BF4B-00C04F79EFBC}") = "HostMaker", "HostMaker.csproj", "{A6EE6FBB-D268-48A7-A494-22072D7E2A8A}"
EndProject
Global
	GlobalSection(SolutionConfigurationPlatforms) = preSolution
		Debug|Any CPU = Debug|Any CPU
		Release|Any CPU = Release|Any CPU
	EndGlobalSection
	GlobalSection(ProjectConfigurationPlatforms) = postSolution
		{A6EE6FBB-D268-48A7-A494-22072D7E2A8A}.Debug|Any CPU.ActiveCfg = Debug|Any CPU
		{A6EE6FBB-D268-48A7-A494-22072D7E2A8A}.Debug|Any CPU.Build.0 = Debug|Any CPU
		{A6EE6FBB-D268-48A7-A494-22072D7E2A8A}.Release|Any CPU.ActiveCfg = Release|Any CPU
		{A6EE6FBB-D268-48A7-A494-22072D7E2A8A}.Release|Any CPU.Build.0 = Release|Any CPU
	EndGlobalSection
	GlobalSection(SolutionProperties) = preSolution
		HideSolutionNode = FALSE
	EndGlobalSection
	GlobalSection(ExtensibilityGlobals) = postSolution
		SolutionGuid = {FD853949-1E44-4B4A-AA7A-7166D91B254F}
	EndGlobalSection
EndGlobal
